
Microsoft Visual Studio Solution File, Format Version 12.00
# Visual Studio Version 17
VisualStudioVersion = 17.4.33205.214
MinimumVisualStudioVersion = 10.0.40219.1
Project("{FAE04EC0-301F-11D3-BF4B-00C04F79EFBC}") = "Controle-de-vendas", "Controle-de-vendas.csproj", "{3977E25A-AF21-4822-99A8-6819D711FDD5}"
EndProject
Global
	GlobalSection(SolutionConfigurationPlatforms) = preSolution
		Debug|Any CPU = Debug|Any CPU
		Release|Any CPU = Release|Any CPU
	EndGlobalSection
	GlobalSection(ProjectConfigurationPlatforms) = postSolution
		{3977E25A-AF21-4822-99A8-6819D711FDD5}.Debug|Any CPU.ActiveCfg = Debug|Any CPU
		{3977E25A-AF21-4822-99A8-6819D711FDD5}.Debug|Any CPU.Build.0 = Debug|Any CPU
		{3977E25A-AF21-4822-99A8-6819D711FDD5}.Release|Any CPU.ActiveCfg = Release|Any CPU
		{3977E25A-AF21-4822-99A8-6819D711FDD5}.Release|Any CPU.Build.0 = Release|Any CPU
	EndGlobalSection
	GlobalSection(SolutionProperties) = preSolution
		HideSolutionNode = FALSE
	EndGlobalSection
	GlobalSection(ExtensibilityGlobals) = postSolution
		SolutionGuid = {4A25A123-0A9F-48D8-BE4A-6F268D23EE94}
	EndGlobalSection
EndGlobal
